// !$*UTF8*$!
{
	archiveVersion = 1;
	classes = {
	};
	objectVersion = 55;
	objects = {

/* Begin PBXBuildFile section */
		C0028A9C290B5D6C00773529 /* Charts in Frameworks */ = {isa = PBXBuildFile; productRef = C0028A9B290B5D6C00773529 /* Charts */; };
		C034703F28F6221900656AA8 /* AppDelegate.swift in Sources */ = {isa = PBXBuildFile; fileRef = C034703E28F6221900656AA8 /* AppDelegate.swift */; };
		C034704128F6221900656AA8 /* SceneDelegate.swift in Sources */ = {isa = PBXBuildFile; fileRef = C034704028F6221900656AA8 /* SceneDelegate.swift */; };
		C034704328F6221900656AA8 /* MainViewController.swift in Sources */ = {isa = PBXBuildFile; fileRef = C034704228F6221900656AA8 /* MainViewController.swift */; };
		C034704828F6221A00656AA8 /* Assets.xcassets in Resources */ = {isa = PBXBuildFile; fileRef = C034704728F6221A00656AA8 /* Assets.xcassets */; };
		C034704B28F6221A00656AA8 /* LaunchScreen.storyboard in Resources */ = {isa = PBXBuildFile; fileRef = C034704928F6221A00656AA8 /* LaunchScreen.storyboard */; };
		C034705528F7363B00656AA8 /* WeatherAPINetworkingUtil.swift in Sources */ = {isa = PBXBuildFile; fileRef = C034705428F7363B00656AA8 /* WeatherAPINetworkingUtil.swift */; };
		C034705928F7381700656AA8 /* SwiftyJSON in Frameworks */ = {isa = PBXBuildFile; productRef = C034705828F7381700656AA8 /* SwiftyJSON */; };
		C034705C28F738BC00656AA8 /* Constants.swift in Sources */ = {isa = PBXBuildFile; fileRef = C034705B28F738BC00656AA8 /* Constants.swift */; };
		C034705E28F75A5C00656AA8 /* WeatherUnitConverterUtil.swift in Sources */ = {isa = PBXBuildFile; fileRef = C034705D28F75A5C00656AA8 /* WeatherUnitConverterUtil.swift */; };
		C034706028FB08AF00656AA8 /* DateConverterUtil.swift in Sources */ = {isa = PBXBuildFile; fileRef = C034705F28FB08AF00656AA8 /* DateConverterUtil.swift */; };
		C034706228FB104200656AA8 /* CompareTimeUtil.swift in Sources */ = {isa = PBXBuildFile; fileRef = C034706128FB104200656AA8 /* CompareTimeUtil.swift */; };
		C034706428FE1BA800656AA8 /* ConvertPressureUtil.swift in Sources */ = {isa = PBXBuildFile; fileRef = C034706328FE1BA800656AA8 /* ConvertPressureUtil.swift */; };
/* End PBXBuildFile section */

/* Begin PBXFileReference section */
		C034703B28F6221900656AA8 /* programmatic-ui-weather-app.app */ = {isa = PBXFileReference; explicitFileType = wrapper.application; includeInIndex = 0; path = "programmatic-ui-weather-app.app"; sourceTree = BUILT_PRODUCTS_DIR; };
		C034703E28F6221900656AA8 /* AppDelegate.swift */ = {isa = PBXFileReference; lastKnownFileType = sourcecode.swift; path = AppDelegate.swift; sourceTree = "<group>"; };
		C034704028F6221900656AA8 /* SceneDelegate.swift */ = {isa = PBXFileReference; lastKnownFileType = sourcecode.swift; path = SceneDelegate.swift; sourceTree = "<group>"; };
		C034704228F6221900656AA8 /* MainViewController.swift */ = {isa = PBXFileReference; lastKnownFileType = sourcecode.swift; path = MainViewController.swift; sourceTree = "<group>"; };
		C034704728F6221A00656AA8 /* Assets.xcassets */ = {isa = PBXFileReference; lastKnownFileType = folder.assetcatalog; path = Assets.xcassets; sourceTree = "<group>"; };
		C034704A28F6221A00656AA8 /* Base */ = {isa = PBXFileReference; lastKnownFileType = file.storyboard; name = Base; path = Base.lproj/LaunchScreen.storyboard; sourceTree = "<group>"; };
		C034704C28F6221A00656AA8 /* Info.plist */ = {isa = PBXFileReference; lastKnownFileType = text.plist.xml; path = Info.plist; sourceTree = "<group>"; };
		C034705428F7363B00656AA8 /* WeatherAPINetworkingUtil.swift */ = {isa = PBXFileReference; lastKnownFileType = sourcecode.swift; path = WeatherAPINetworkingUtil.swift; sourceTree = "<group>"; };
		C034705B28F738BC00656AA8 /* Constants.swift */ = {isa = PBXFileReference; lastKnownFileType = sourcecode.swift; path = Constants.swift; sourceTree = "<group>"; };
		C034705D28F75A5C00656AA8 /* WeatherUnitConverterUtil.swift */ = {isa = PBXFileReference; lastKnownFileType = sourcecode.swift; path = WeatherUnitConverterUtil.swift; sourceTree = "<group>"; };
		C034705F28FB08AF00656AA8 /* DateConverterUtil.swift */ = {isa = PBXFileReference; lastKnownFileType = sourcecode.swift; path = DateConverterUtil.swift; sourceTree = "<group>"; };
		C034706128FB104200656AA8 /* CompareTimeUtil.swift */ = {isa = PBXFileReference; lastKnownFileType = sourcecode.swift; path = CompareTimeUtil.swift; sourceTree = "<group>"; };
		C034706328FE1BA800656AA8 /* ConvertPressureUtil.swift */ = {isa = PBXFileReference; lastKnownFileType = sourcecode.swift; path = ConvertPressureUtil.swift; sourceTree = "<group>"; };
/* End PBXFileReference section */

/* Begin PBXFrameworksBuildPhase section */
		C034703828F6221900656AA8 /* Frameworks */ = {
			isa = PBXFrameworksBuildPhase;
			buildActionMask = 2147483647;
			files = (
				C034705928F7381700656AA8 /* SwiftyJSON in Frameworks */,
				C0028A9C290B5D6C00773529 /* Charts in Frameworks */,
			);
			runOnlyForDeploymentPostprocessing = 0;
		};
/* End PBXFrameworksBuildPhase section */

/* Begin PBXGroup section */
		C034703228F6221900656AA8 = {
			isa = PBXGroup;
			children = (
				C034703D28F6221900656AA8 /* programmatic-ui-weather-app */,
				C034703C28F6221900656AA8 /* Products */,
			);
			sourceTree = "<group>";
		};
		C034703C28F6221900656AA8 /* Products */ = {
			isa = PBXGroup;
			children = (
				C034703B28F6221900656AA8 /* programmatic-ui-weather-app.app */,
			);
			name = Products;
			sourceTree = "<group>";
		};
		C034703D28F6221900656AA8 /* programmatic-ui-weather-app */ = {
			isa = PBXGroup;
			children = (
				C034705A28F738AB00656AA8 /* Constants */,
				C034705328F640AD00656AA8 /* Delegates */,
				C034705228F6406500656AA8 /* Files */,
				C034705628F7363E00656AA8 /* Utils */,
				C034704228F6221900656AA8 /* MainViewController.swift */,
				C034704C28F6221A00656AA8 /* Info.plist */,
			);
			path = "programmatic-ui-weather-app";
			sourceTree = "<group>";
		};
		C034705228F6406500656AA8 /* Files */ = {
			isa = PBXGroup;
			children = (
				C034704728F6221A00656AA8 /* Assets.xcassets */,
				C034704928F6221A00656AA8 /* LaunchScreen.storyboard */,
			);
			path = Files;
			sourceTree = "<group>";
		};
		C034705328F640AD00656AA8 /* Delegates */ = {
			isa = PBXGroup;
			children = (
				C034703E28F6221900656AA8 /* AppDelegate.swift */,
				C034704028F6221900656AA8 /* SceneDelegate.swift */,
			);
			path = Delegates;
			sourceTree = "<group>";
		};
		C034705628F7363E00656AA8 /* Utils */ = {
			isa = PBXGroup;
			children = (
				C034705428F7363B00656AA8 /* WeatherAPINetworkingUtil.swift */,
				C034705D28F75A5C00656AA8 /* WeatherUnitConverterUtil.swift */,
				C034705F28FB08AF00656AA8 /* DateConverterUtil.swift */,
				C034706128FB104200656AA8 /* CompareTimeUtil.swift */,
				C034706328FE1BA800656AA8 /* ConvertPressureUtil.swift */,
			);
			path = Utils;
			sourceTree = "<group>";
		};
		C034705A28F738AB00656AA8 /* Constants */ = {
			isa = PBXGroup;
			children = (
				C034705B28F738BC00656AA8 /* Constants.swift */,
			);
			path = Constants;
			sourceTree = "<group>";
		};
/* End PBXGroup section */

/* Begin PBXNativeTarget section */
		C034703A28F6221900656AA8 /* programmatic-ui-weather-app */ = {
			isa = PBXNativeTarget;
			buildConfigurationList = C034704F28F6221A00656AA8 /* Build configuration list for PBXNativeTarget "programmatic-ui-weather-app" */;
			buildPhases = (
				C034703728F6221900656AA8 /* Sources */,
				C034703828F6221900656AA8 /* Frameworks */,
				C034703928F6221900656AA8 /* Resources */,
			);
			buildRules = (
			);
			dependencies = (
			);
			name = "programmatic-ui-weather-app";
			packageProductDependencies = (
				C034705828F7381700656AA8 /* SwiftyJSON */,
				C0028A9B290B5D6C00773529 /* Charts */,
			);
			productName = "programmatic-ui-weather-app";
			productReference = C034703B28F6221900656AA8 /* programmatic-ui-weather-app.app */;
			productType = "com.apple.product-type.application";
		};
/* End PBXNativeTarget section */

/* Begin PBXProject section */
		C034703328F6221900656AA8 /* Project object */ = {
			isa = PBXProject;
			attributes = {
				BuildIndependentTargetsInParallel = 1;
				LastSwiftUpdateCheck = 1400;
				LastUpgradeCheck = 1400;
				TargetAttributes = {
					C034703A28F6221900656AA8 = {
						CreatedOnToolsVersion = 14.0;
					};
				};
			};
			buildConfigurationList = C034703628F6221900656AA8 /* Build configuration list for PBXProject "programmatic-ui-weather-app" */;
			compatibilityVersion = "Xcode 13.0";
			developmentRegion = en;
			hasScannedForEncodings = 0;
			knownRegions = (
				en,
				Base,
			);
			mainGroup = C034703228F6221900656AA8;
			packageReferences = (
				C034705728F7381700656AA8 /* XCRemoteSwiftPackageReference "SwiftyJSON" */,
				C0028A9A290B5D6C00773529 /* XCRemoteSwiftPackageReference "Charts" */,
			);
			productRefGroup = C034703C28F6221900656AA8 /* Products */;
			projectDirPath = "";
			projectRoot = "";
			targets = (
				C034703A28F6221900656AA8 /* programmatic-ui-weather-app */,
			);
		};
/* End PBXProject section */

/* Begin PBXResourcesBuildPhase section */
		C034703928F6221900656AA8 /* Resources */ = {
			isa = PBXResourcesBuildPhase;
			buildActionMask = 2147483647;
			files = (
				C034704B28F6221A00656AA8 /* LaunchScreen.storyboard in Resources */,
				C034704828F6221A00656AA8 /* Assets.xcassets in Resources */,
			);
			runOnlyForDeploymentPostprocessing = 0;
		};
/* End PBXResourcesBuildPhase section */

/* Begin PBXSourcesBuildPhase section */
		C034703728F6221900656AA8 /* Sources */ = {
			isa = PBXSourcesBuildPhase;
			buildActionMask = 2147483647;
			files = (
				C034706028FB08AF00656AA8 /* DateConverterUtil.swift in Sources */,
				C034706228FB104200656AA8 /* CompareTimeUtil.swift in Sources */,
				C034705C28F738BC00656AA8 /* Constants.swift in Sources */,
				C034706428FE1BA800656AA8 /* ConvertPressureUtil.swift in Sources */,
				C034704328F6221900656AA8 /* MainViewController.swift in Sources */,
				C034705528F7363B00656AA8 /* WeatherAPINetworkingUtil.swift in Sources */,
				C034703F28F6221900656AA8 /* AppDelegate.swift in Sources */,
				C034704128F6221900656AA8 /* SceneDelegate.swift in Sources */,
				C034705E28F75A5C00656AA8 /* WeatherUnitConverterUtil.swift in Sources */,
			);
			runOnlyForDeploymentPostprocessing = 0;
		};
/* End PBXSourcesBuildPhase section */

/* Begin PBXVariantGroup section */
		C034704928F6221A00656AA8 /* LaunchScreen.storyboard */ = {
			isa = PBXVariantGroup;
			children = (
				C034704A28F6221A00656AA8 /* Base */,
			);
			name = LaunchScreen.storyboard;
			sourceTree = "<group>";
		};
/* End PBXVariantGroup section */

/* Begin XCBuildConfiguration section */
		C034704D28F6221A00656AA8 /* Debug */ = {
			isa = XCBuildConfiguration;
			buildSettings = {
				ALWAYS_SEARCH_USER_PATHS = NO;
				CLANG_ANALYZER_NONNULL = YES;
				CLANG_ANALYZER_NUMBER_OBJECT_CONVERSION = YES_AGGRESSIVE;
				CLANG_CXX_LANGUAGE_STANDARD = "gnu++20";
				CLANG_ENABLE_MODULES = YES;
				CLANG_ENABLE_OBJC_ARC = YES;
				CLANG_ENABLE_OBJC_WEAK = YES;
				CLANG_WARN_BLOCK_CAPTURE_AUTORELEASING = YES;
				CLANG_WARN_BOOL_CONVERSION = YES;
				CLANG_WARN_COMMA = YES;
				CLANG_WARN_CONSTANT_CONVERSION = YES;
				CLANG_WARN_DEPRECATED_OBJC_IMPLEMENTATIONS = YES;
				CLANG_WARN_DIRECT_OBJC_ISA_USAGE = YES_ERROR;
				CLANG_WARN_DOCUMENTATION_COMMENTS = YES;
				CLANG_WARN_EMPTY_BODY = YES;
				CLANG_WARN_ENUM_CONVERSION = YES;
				CLANG_WARN_INFINITE_RECURSION = YES;
				CLANG_WARN_INT_CONVERSION = YES;
				CLANG_WARN_NON_LITERAL_NULL_CONVERSION = YES;
				CLANG_WARN_OBJC_IMPLICIT_RETAIN_SELF = YES;
				CLANG_WARN_OBJC_LITERAL_CONVERSION = YES;
				CLANG_WARN_OBJC_ROOT_CLASS = YES_ERROR;
				CLANG_WARN_QUOTED_INCLUDE_IN_FRAMEWORK_HEADER = YES;
				CLANG_WARN_RANGE_LOOP_ANALYSIS = YES;
				CLANG_WARN_STRICT_PROTOTYPES = YES;
				CLANG_WARN_SUSPICIOUS_MOVE = YES;
				CLANG_WARN_UNGUARDED_AVAILABILITY = YES_AGGRESSIVE;
				CLANG_WARN_UNREACHABLE_CODE = YES;
				CLANG_WARN__DUPLICATE_METHOD_MATCH = YES;
				COPY_PHASE_STRIP = NO;
				DEBUG_INFORMATION_FORMAT = dwarf;
				ENABLE_STRICT_OBJC_MSGSEND = YES;
				ENABLE_TESTABILITY = YES;
				GCC_C_LANGUAGE_STANDARD = gnu11;
				GCC_DYNAMIC_NO_PIC = NO;
				GCC_NO_COMMON_BLOCKS = YES;
				GCC_OPTIMIZATION_LEVEL = 0;
				GCC_PREPROCESSOR_DEFINITIONS = (
					"DEBUG=1",
					"$(inherited)",
				);
				GCC_WARN_64_TO_32_BIT_CONVERSION = YES;
				GCC_WARN_ABOUT_RETURN_TYPE = YES_ERROR;
				GCC_WARN_UNDECLARED_SELECTOR = YES;
				GCC_WARN_UNINITIALIZED_AUTOS = YES_AGGRESSIVE;
				GCC_WARN_UNUSED_FUNCTION = YES;
				GCC_WARN_UNUSED_VARIABLE = YES;
				IPHONEOS_DEPLOYMENT_TARGET = 15.0;
				MTL_ENABLE_DEBUG_INFO = INCLUDE_SOURCE;
				MTL_FAST_MATH = YES;
				ONLY_ACTIVE_ARCH = YES;
				SDKROOT = iphoneos;
				SWIFT_ACTIVE_COMPILATION_CONDITIONS = DEBUG;
				SWIFT_OPTIMIZATION_LEVEL = "-Onone";
			};
			name = Debug;
		};
		C034704E28F6221A00656AA8 /* Release */ = {
			isa = XCBuildConfiguration;
			buildSettings = {
				ALWAYS_SEARCH_USER_PATHS = NO;
				CLANG_ANALYZER_NONNULL = YES;
				CLANG_ANALYZER_NUMBER_OBJECT_CONVERSION = YES_AGGRESSIVE;
				CLANG_CXX_LANGUAGE_STANDARD = "gnu++20";
				CLANG_ENABLE_MODULES = YES;
				CLANG_ENABLE_OBJC_ARC = YES;
				CLANG_ENABLE_OBJC_WEAK = YES;
				CLANG_WARN_BLOCK_CAPTURE_AUTORELEASING = YES;
				CLANG_WARN_BOOL_CONVERSION = YES;
				CLANG_WARN_COMMA = YES;
				CLANG_WARN_CONSTANT_CONVERSION = YES;
				CLANG_WARN_DEPRECATED_OBJC_IMPLEMENTATIONS = YES;
				CLANG_WARN_DIRECT_OBJC_ISA_USAGE = YES_ERROR;
				CLANG_WARN_DOCUMENTATION_COMMENTS = YES;
				CLANG_WARN_EMPTY_BODY = YES;
				CLANG_WARN_ENUM_CONVERSION = YES;
				CLANG_WARN_INFINITE_RECURSION = YES;
				CLANG_WARN_INT_CONVERSION = YES;
				CLANG_WARN_NON_LITERAL_NULL_CONVERSION = YES;
				CLANG_WARN_OBJC_IMPLICIT_RETAIN_SELF = YES;
				CLANG_WARN_OBJC_LITERAL_CONVERSION = YES;
				CLANG_WARN_OBJC_ROOT_CLASS = YES_ERROR;
				CLANG_WARN_QUOTED_INCLUDE_IN_FRAMEWORK_HEADER = YES;
				CLANG_WARN_RANGE_LOOP_ANALYSIS = YES;
				CLANG_WARN_STRICT_PROTOTYPES = YES;
				CLANG_WARN_SUSPICIOUS_MOVE = YES;
				CLANG_WARN_UNGUARDED_AVAILABILITY = YES_AGGRESSIVE;
				CLANG_WARN_UNREACHABLE_CODE = YES;
				CLANG_WARN__DUPLICATE_METHOD_MATCH = YES;
				COPY_PHASE_STRIP = NO;
				DEBUG_INFORMATION_FORMAT = "dwarf-with-dsym";
				ENABLE_NS_ASSERTIONS = NO;
				ENABLE_STRICT_OBJC_MSGSEND = YES;
				GCC_C_LANGUAGE_STANDARD = gnu11;
				GCC_NO_COMMON_BLOCKS = YES;
				GCC_WARN_64_TO_32_BIT_CONVERSION = YES;
				GCC_WARN_ABOUT_RETURN_TYPE = YES_ERROR;
				GCC_WARN_UNDECLARED_SELECTOR = YES;
				GCC_WARN_UNINITIALIZED_AUTOS = YES_AGGRESSIVE;
				GCC_WARN_UNUSED_FUNCTION = YES;
				GCC_WARN_UNUSED_VARIABLE = YES;
				IPHONEOS_DEPLOYMENT_TARGET = 15.0;
				MTL_ENABLE_DEBUG_INFO = NO;
				MTL_FAST_MATH = YES;
				SDKROOT = iphoneos;
				SWIFT_COMPILATION_MODE = wholemodule;
				SWIFT_OPTIMIZATION_LEVEL = "-O";
				VALIDATE_PRODUCT = YES;
			};
			name = Release;
		};
		C034705028F6221A00656AA8 /* Debug */ = {
			isa = XCBuildConfiguration;
			buildSettings = {
				ASSETCATALOG_COMPILER_APPICON_NAME = AppIcon;
				ASSETCATALOG_COMPILER_GLOBAL_ACCENT_COLOR_NAME = AccentColor;
				CODE_SIGN_STYLE = Automatic;
				CURRENT_PROJECT_VERSION = 1;
				DEVELOPMENT_TEAM = 983DASAX74;
				GENERATE_INFOPLIST_FILE = YES;
				INFOPLIST_FILE = "programmatic-ui-weather-app/Info.plist";
				INFOPLIST_KEY_UIApplicationSupportsIndirectInputEvents = YES;
				INFOPLIST_KEY_UILaunchStoryboardName = LaunchScreen;
				INFOPLIST_KEY_UISupportedInterfaceOrientations = UIInterfaceOrientationPortrait;
				INFOPLIST_KEY_UISupportedInterfaceOrientations_iPad = "UIInterfaceOrientationLandscapeLeft UIInterfaceOrientationLandscapeRight UIInterfaceOrientationPortrait UIInterfaceOrientationPortraitUpsideDown";
				IPHONEOS_DEPLOYMENT_TARGET = 15.0;
				LD_RUNPATH_SEARCH_PATHS = (
					"$(inherited)",
					"@executable_path/Frameworks",
				);
				MARKETING_VERSION = 1.0;
				PRODUCT_BUNDLE_IDENTIFIER = "RS.programmatic-ui-weather-app";
				PRODUCT_NAME = "$(TARGET_NAME)";
				SWIFT_EMIT_LOC_STRINGS = YES;
				SWIFT_VERSION = 5.0;
				TARGETED_DEVICE_FAMILY = "1,2";
			};
			name = Debug;
		};
		C034705128F6221A00656AA8 /* Release */ = {
			isa = XCBuildConfiguration;
			buildSettings = {
				ASSETCATALOG_COMPILER_APPICON_NAME = AppIcon;
				ASSETCATALOG_COMPILER_GLOBAL_ACCENT_COLOR_NAME = AccentColor;
				CODE_SIGN_STYLE = Automatic;
				CURRENT_PROJECT_VERSION = 1;
				DEVELOPMENT_TEAM = 983DASAX74;
				GENERATE_INFOPLIST_FILE = YES;
				INFOPLIST_FILE = "programmatic-ui-weather-app/Info.plist";
				INFOPLIST_KEY_UIApplicationSupportsIndirectInputEvents = YES;
				INFOPLIST_KEY_UILaunchStoryboardName = LaunchScreen;
				INFOPLIST_KEY_UISupportedInterfaceOrientations = UIInterfaceOrientationPortrait;
				INFOPLIST_KEY_UISupportedInterfaceOrientations_iPad = "UIInterfaceOrientationLandscapeLeft UIInterfaceOrientationLandscapeRight UIInterfaceOrientationPortrait UIInterfaceOrientationPortraitUpsideDown";
				IPHONEOS_DEPLOYMENT_TARGET = 15.0;
				LD_RUNPATH_SEARCH_PATHS = (
					"$(inherited)",
					"@executable_path/Frameworks",
				);
				MARKETING_VERSION = 1.0;
				PRODUCT_BUNDLE_IDENTIFIER = "RS.programmatic-ui-weather-app";
				PRODUCT_NAME = "$(TARGET_NAME)";
				SWIFT_EMIT_LOC_STRINGS = YES;
				SWIFT_VERSION = 5.0;
				TARGETED_DEVICE_FAMILY = "1,2";
			};
			name = Release;
		};
/* End XCBuildConfiguration section */

/* Begin XCConfigurationList section */
		C034703628F6221900656AA8 /* Build configuration list for PBXProject "programmatic-ui-weather-app" */ = {
			isa = XCConfigurationList;
			buildConfigurations = (
				C034704D28F6221A00656AA8 /* Debug */,
				C034704E28F6221A00656AA8 /* Release */,
			);
			defaultConfigurationIsVisible = 0;
			defaultConfigurationName = Release;
		};
		C034704F28F6221A00656AA8 /* Build configuration list for PBXNativeTarget "programmatic-ui-weather-app" */ = {
			isa = XCConfigurationList;
			buildConfigurations = (
				C034705028F6221A00656AA8 /* Debug */,
				C034705128F6221A00656AA8 /* Release */,
			);
			defaultConfigurationIsVisible = 0;
			defaultConfigurationName = Release;
		};
/* End XCConfigurationList section */

/* Begin XCRemoteSwiftPackageReference section */
		C0028A9A290B5D6C00773529 /* XCRemoteSwiftPackageReference "Charts" */ = {
			isa = XCRemoteSwiftPackageReference;
			repositoryURL = "https://github.com/danielgindi/Charts";
			requirement = {
				kind = exactVersion;
				version = 4.1.0;
			};
		};
		C034705728F7381700656AA8 /* XCRemoteSwiftPackageReference "SwiftyJSON" */ = {
			isa = XCRemoteSwiftPackageReference;
			repositoryURL = "https://github.com/SwiftyJSON/SwiftyJSON";
			requirement = {
				kind = upToNextMajorVersion;
				minimumVersion = 5.0.0;
			};
		};
/* End XCRemoteSwiftPackageReference section */

/* Begin XCSwiftPackageProductDependency section */
		C0028A9B290B5D6C00773529 /* Charts */ = {
			isa = XCSwiftPackageProductDependency;
			package = C0028A9A290B5D6C00773529 /* XCRemoteSwiftPackageReference "Charts" */;
			productName = Charts;
		};
		C034705828F7381700656AA8 /* SwiftyJSON */ = {
			isa = XCSwiftPackageProductDependency;
			package = C034705728F7381700656AA8 /* XCRemoteSwiftPackageReference "SwiftyJSON" */;
			productName = SwiftyJSON;
		};
/* End XCSwiftPackageProductDependency section */
	};
	rootObject = C034703328F6221900656AA8 /* Project object */;
}
