// !$*UTF8*$!
{
	archiveVersion = 1;
	classes = {
	};
	objectVersion = 55;
	objects = {

/* Begin PBXBuildFile section */
		C006DE2D2963CB5B00E8A44B /* InfoVC.swift in Sources */ = {isa = PBXBuildFile; fileRef = C006DE2C2963CB5B00E8A44B /* InfoVC.swift */; };
		C034703F28F6221900656AA8 /* AppDelegate.swift in Sources */ = {isa = PBXBuildFile; fileRef = C034703E28F6221900656AA8 /* AppDelegate.swift */; };
		C034704128F6221900656AA8 /* SceneDelegate.swift in Sources */ = {isa = PBXBuildFile; fileRef = C034704028F6221900656AA8 /* SceneDelegate.swift */; };
		C034704328F6221900656AA8 /* MainViewController.swift in Sources */ = {isa = PBXBuildFile; fileRef = C034704228F6221900656AA8 /* MainViewController.swift */; };
		C034704828F6221A00656AA8 /* Assets.xcassets in Resources */ = {isa = PBXBuildFile; fileRef = C034704728F6221A00656AA8 /* Assets.xcassets */; };
		C034704B28F6221A00656AA8 /* LaunchScreen.storyboard in Resources */ = {isa = PBXBuildFile; fileRef = C034704928F6221A00656AA8 /* LaunchScreen.storyboard */; };
		C034706028FB08AF00656AA8 /* DateConverterUtil.swift in Sources */ = {isa = PBXBuildFile; fileRef = C034705F28FB08AF00656AA8 /* DateConverterUtil.swift */; };
		C03E36B12948273F00FDAC50 /* Bonche-Light.otf in Resources */ = {isa = PBXBuildFile; fileRef = C03E36B02948273F00FDAC50 /* Bonche-Light.otf */; };
		C03E36B22948273F00FDAC50 /* Bonche-Light.otf in Resources */ = {isa = PBXBuildFile; fileRef = C03E36B02948273F00FDAC50 /* Bonche-Light.otf */; };
		C03E36B429482B1400FDAC50 /* FredokaOne-Regular.ttf in Resources */ = {isa = PBXBuildFile; fileRef = C03E36B329482B1400FDAC50 /* FredokaOne-Regular.ttf */; };
		C03E36B529482B1400FDAC50 /* FredokaOne-Regular.ttf in Resources */ = {isa = PBXBuildFile; fileRef = C03E36B329482B1400FDAC50 /* FredokaOne-Regular.ttf */; };
		C03E36BA29482C8900FDAC50 /* SignikaNegative-Light.ttf in Resources */ = {isa = PBXBuildFile; fileRef = C03E36B929482C8900FDAC50 /* SignikaNegative-Light.ttf */; };
		C03E36BB29482C8900FDAC50 /* SignikaNegative-Light.ttf in Resources */ = {isa = PBXBuildFile; fileRef = C03E36B929482C8900FDAC50 /* SignikaNegative-Light.ttf */; };
		C04E9E8C293C28F400882FC6 /* WidgetKit.framework in Frameworks */ = {isa = PBXBuildFile; fileRef = C04E9E8B293C28F400882FC6 /* WidgetKit.framework */; };
		C04E9E8E293C28F400882FC6 /* SwiftUI.framework in Frameworks */ = {isa = PBXBuildFile; fileRef = C04E9E8D293C28F400882FC6 /* SwiftUI.framework */; };
		C04E9E91293C28F400882FC6 /* weatherkit_widget.swift in Sources */ = {isa = PBXBuildFile; fileRef = C04E9E90293C28F400882FC6 /* weatherkit_widget.swift */; };
		C04E9E93293C28F600882FC6 /* Assets.xcassets in Resources */ = {isa = PBXBuildFile; fileRef = C04E9E92293C28F600882FC6 /* Assets.xcassets */; };
		C04E9E97293C28F600882FC6 /* weatherkit-widgetExtension.appex in Embed Foundation Extensions */ = {isa = PBXBuildFile; fileRef = C04E9E89293C28F400882FC6 /* weatherkit-widgetExtension.appex */; settings = {ATTRIBUTES = (RemoveHeadersOnCopy, ); }; };
		C04E9E9F29417FA100882FC6 /* WidgetStruct.swift in Sources */ = {isa = PBXBuildFile; fileRef = C04E9E9E29417FA100882FC6 /* WidgetStruct.swift */; };
		C04E9EA029417FA400882FC6 /* WidgetStruct.swift in Sources */ = {isa = PBXBuildFile; fileRef = C04E9E9E29417FA100882FC6 /* WidgetStruct.swift */; };
		C04E9EEE2945296C00882FC6 /* PrimaryData.swift in Sources */ = {isa = PBXBuildFile; fileRef = C04E9EED2945296B00882FC6 /* PrimaryData.swift */; };
		C053221E295D52F100FF849E /* RocketAnimationUtil.swift in Sources */ = {isa = PBXBuildFile; fileRef = C053221D295D52F100FF849E /* RocketAnimationUtil.swift */; };
		C055633C295CE4CB008CB6D4 /* NotificationUtil.swift in Sources */ = {isa = PBXBuildFile; fileRef = C055633B295CE4CB008CB6D4 /* NotificationUtil.swift */; };
		C055FD3C299721F9008850A6 /* PrimaryData.swift in Sources */ = {isa = PBXBuildFile; fileRef = C04E9EED2945296B00882FC6 /* PrimaryData.swift */; };
		C05606FC2A612DA800F3C705 /* PrecipitationPopUpVC.swift in Sources */ = {isa = PBXBuildFile; fileRef = C05606FB2A612DA800F3C705 /* PrecipitationPopUpVC.swift */; };
		C05606FE2A61CEBA00F3C705 /* SwiftUIBackgroundBlur.swift in Sources */ = {isa = PBXBuildFile; fileRef = C05606FD2A61CEBA00F3C705 /* SwiftUIBackgroundBlur.swift */; };
		C06F8D2E292980550054D5DC /* ForecastListVC.swift in Sources */ = {isa = PBXBuildFile; fileRef = C06F8D2D292980550054D5DC /* ForecastListVC.swift */; };
		C06F8D31292981680054D5DC /* Forecasts.swift in Sources */ = {isa = PBXBuildFile; fileRef = C06F8D30292981680054D5DC /* Forecasts.swift */; };
		C06F8D33292983810054D5DC /* ForecastsCell.swift in Sources */ = {isa = PBXBuildFile; fileRef = C06F8D32292983810054D5DC /* ForecastsCell.swift */; };
		C0711C2229484644004D3BD3 /* JosefinSans-Regular.ttf in Resources */ = {isa = PBXBuildFile; fileRef = C0711C1F29484643004D3BD3 /* JosefinSans-Regular.ttf */; };
		C0711C2329484644004D3BD3 /* JosefinSans-Regular.ttf in Resources */ = {isa = PBXBuildFile; fileRef = C0711C1F29484643004D3BD3 /* JosefinSans-Regular.ttf */; };
		C0711C2429484644004D3BD3 /* JosefinSans-SemiBold.ttf in Resources */ = {isa = PBXBuildFile; fileRef = C0711C2029484643004D3BD3 /* JosefinSans-SemiBold.ttf */; };
		C0711C2529484644004D3BD3 /* JosefinSans-SemiBold.ttf in Resources */ = {isa = PBXBuildFile; fileRef = C0711C2029484643004D3BD3 /* JosefinSans-SemiBold.ttf */; };
		C0711C2629484644004D3BD3 /* JosefinSans-Light.ttf in Resources */ = {isa = PBXBuildFile; fileRef = C0711C2129484643004D3BD3 /* JosefinSans-Light.ttf */; };
		C0711C2729484644004D3BD3 /* JosefinSans-Light.ttf in Resources */ = {isa = PBXBuildFile; fileRef = C0711C2129484643004D3BD3 /* JosefinSans-Light.ttf */; };
		C0711C2929484FD3004D3BD3 /* SunriseSunsetPopUpVC.swift in Sources */ = {isa = PBXBuildFile; fileRef = C0711C2829484FD3004D3BD3 /* SunriseSunsetPopUpVC.swift */; };
		C0711C2C2949667B004D3BD3 /* WindSpeedPopUpVC.swift in Sources */ = {isa = PBXBuildFile; fileRef = C0711C2B2949667B004D3BD3 /* WindSpeedPopUpVC.swift */; };
		C072FF462A742F8900CCF9B1 /* HourlyCollectionViewCell.swift in Sources */ = {isa = PBXBuildFile; fileRef = C072FF452A742F8900CCF9B1 /* HourlyCollectionViewCell.swift */; };
		C0A2111A2952E21C00C05917 /* AnimationsEffects.swift in Sources */ = {isa = PBXBuildFile; fileRef = C0A211192952E21C00C05917 /* AnimationsEffects.swift */; };
		C0B01BCC291334AC00D887C6 /* WeatherKitCallUtil.swift in Sources */ = {isa = PBXBuildFile; fileRef = C0B01BCB291334AC00D887C6 /* WeatherKitCallUtil.swift */; };
		C0B01BF3291F361900D887C6 /* TabBarViewController.swift in Sources */ = {isa = PBXBuildFile; fileRef = C0B01BF2291F361800D887C6 /* TabBarViewController.swift */; };
		C0CF2DD02929487800359476 /* SettingsCell.swift in Sources */ = {isa = PBXBuildFile; fileRef = C0CF2DCC2929487800359476 /* SettingsCell.swift */; };
		C0CF2DD12929487800359476 /* Settings.swift in Sources */ = {isa = PBXBuildFile; fileRef = C0CF2DCE2929487800359476 /* Settings.swift */; };
		C0CF2DD22929487800359476 /* SettingsListVC.swift in Sources */ = {isa = PBXBuildFile; fileRef = C0CF2DCF2929487800359476 /* SettingsListVC.swift */; };
		C0D265C0297635480079FBE3 /* WeatherKitData.swift in Sources */ = {isa = PBXBuildFile; fileRef = C0D265BF297635480079FBE3 /* WeatherKitData.swift */; };
		C0EDB9232A22BDD400C5C1BF /* weatherkit_weather_apptests.swift in Sources */ = {isa = PBXBuildFile; fileRef = C0EDB9222A22BDD400C5C1BF /* weatherkit_weather_apptests.swift */; };
		C0EDB92A2A22BDF600C5C1BF /* WindSpeedPopUpVCTests.swift in Sources */ = {isa = PBXBuildFile; fileRef = C0EDB9292A22BDF600C5C1BF /* WindSpeedPopUpVCTests.swift */; };
		C0EDB92D2A2429D300C5C1BF /* SpaceX.ttf in Resources */ = {isa = PBXBuildFile; fileRef = C0EDB92C2A2429D300C5C1BF /* SpaceX.ttf */; };
		C0EDB92E2A2429D300C5C1BF /* SpaceX.ttf in Resources */ = {isa = PBXBuildFile; fileRef = C0EDB92C2A2429D300C5C1BF /* SpaceX.ttf */; };
		C0F341142ABD2AA9006501A7 /* AppDelegateBackgrounRefresh.swift in Sources */ = {isa = PBXBuildFile; fileRef = C0F341132ABD2AA9006501A7 /* AppDelegateBackgrounRefresh.swift */; };
/* End PBXBuildFile section */

/* Begin PBXContainerItemProxy section */
		C04E9E95293C28F600882FC6 /* PBXContainerItemProxy */ = {
			isa = PBXContainerItemProxy;
			containerPortal = C034703328F6221900656AA8 /* Project object */;
			proxyType = 1;
			remoteGlobalIDString = C04E9E88293C28F400882FC6;
			remoteInfo = "weatherkit-widgetExtension";
		};
		C0EDB9242A22BDD400C5C1BF /* PBXContainerItemProxy */ = {
			isa = PBXContainerItemProxy;
			containerPortal = C034703328F6221900656AA8 /* Project object */;
			proxyType = 1;
			remoteGlobalIDString = C034703A28F6221900656AA8;
			remoteInfo = "weatherkit-weather-app";
		};
/* End PBXContainerItemProxy section */

/* Begin PBXCopyFilesBuildPhase section */
		C04E9E9B293C28F600882FC6 /* Embed Foundation Extensions */ = {
			isa = PBXCopyFilesBuildPhase;
			buildActionMask = 2147483647;
			dstPath = "";
			dstSubfolderSpec = 13;
			files = (
				C04E9E97293C28F600882FC6 /* weatherkit-widgetExtension.appex in Embed Foundation Extensions */,
			);
			name = "Embed Foundation Extensions";
			runOnlyForDeploymentPostprocessing = 0;
		};
/* End PBXCopyFilesBuildPhase section */

/* Begin PBXFileReference section */
		C006DE2C2963CB5B00E8A44B /* InfoVC.swift */ = {isa = PBXFileReference; lastKnownFileType = sourcecode.swift; path = InfoVC.swift; sourceTree = "<group>"; };
		C01617CC298C6016006E7C0C /* ContentView.swift */ = {isa = PBXFileReference; lastKnownFileType = sourcecode.swift; path = ContentView.swift; sourceTree = "<group>"; };
		C01617CE298C6018006E7C0C /* Assets.xcassets */ = {isa = PBXFileReference; lastKnownFileType = folder.assetcatalog; path = Assets.xcassets; sourceTree = "<group>"; };
		C01617D1298C6018006E7C0C /* Preview Assets.xcassets */ = {isa = PBXFileReference; lastKnownFileType = folder.assetcatalog; path = "Preview Assets.xcassets"; sourceTree = "<group>"; };
		C01617DA298C6407006E7C0C /* weatherkit_watchosExtensionApp.swift */ = {isa = PBXFileReference; lastKnownFileType = sourcecode.swift; path = weatherkit_watchosExtensionApp.swift; sourceTree = "<group>"; };
		C01B200D2995EC21000363CA /* CurrentView.swift */ = {isa = PBXFileReference; lastKnownFileType = sourcecode.swift; path = CurrentView.swift; sourceTree = "<group>"; };
		C034703B28F6221900656AA8 /* weatherkit-weather-app.app */ = {isa = PBXFileReference; explicitFileType = wrapper.application; includeInIndex = 0; path = "weatherkit-weather-app.app"; sourceTree = BUILT_PRODUCTS_DIR; };
		C034703E28F6221900656AA8 /* AppDelegate.swift */ = {isa = PBXFileReference; lastKnownFileType = sourcecode.swift; path = AppDelegate.swift; sourceTree = "<group>"; };
		C034704028F6221900656AA8 /* SceneDelegate.swift */ = {isa = PBXFileReference; lastKnownFileType = sourcecode.swift; path = SceneDelegate.swift; sourceTree = "<group>"; };
		C034704228F6221900656AA8 /* MainViewController.swift */ = {isa = PBXFileReference; lastKnownFileType = sourcecode.swift; path = MainViewController.swift; sourceTree = "<group>"; };
		C034704728F6221A00656AA8 /* Assets.xcassets */ = {isa = PBXFileReference; lastKnownFileType = folder.assetcatalog; path = Assets.xcassets; sourceTree = "<group>"; };
		C034704A28F6221A00656AA8 /* Base */ = {isa = PBXFileReference; lastKnownFileType = file.storyboard; name = Base; path = Base.lproj/LaunchScreen.storyboard; sourceTree = "<group>"; };
		C034704C28F6221A00656AA8 /* Info.plist */ = {isa = PBXFileReference; lastKnownFileType = text.plist.xml; path = Info.plist; sourceTree = "<group>"; };
		C034705F28FB08AF00656AA8 /* DateConverterUtil.swift */ = {isa = PBXFileReference; lastKnownFileType = sourcecode.swift; path = DateConverterUtil.swift; sourceTree = "<group>"; };
		C03E36B02948273F00FDAC50 /* Bonche-Light.otf */ = {isa = PBXFileReference; lastKnownFileType = file; path = "Bonche-Light.otf"; sourceTree = "<group>"; };
		C03E36B329482B1400FDAC50 /* FredokaOne-Regular.ttf */ = {isa = PBXFileReference; lastKnownFileType = file; path = "FredokaOne-Regular.ttf"; sourceTree = "<group>"; };
		C03E36B929482C8900FDAC50 /* SignikaNegative-Light.ttf */ = {isa = PBXFileReference; lastKnownFileType = file; path = "SignikaNegative-Light.ttf"; sourceTree = "<group>"; };
		C04E9E89293C28F400882FC6 /* weatherkit-widgetExtension.appex */ = {isa = PBXFileReference; explicitFileType = "wrapper.app-extension"; includeInIndex = 0; path = "weatherkit-widgetExtension.appex"; sourceTree = BUILT_PRODUCTS_DIR; };
		C04E9E8B293C28F400882FC6 /* WidgetKit.framework */ = {isa = PBXFileReference; lastKnownFileType = wrapper.framework; name = WidgetKit.framework; path = System/Library/Frameworks/WidgetKit.framework; sourceTree = SDKROOT; };
		C04E9E8D293C28F400882FC6 /* SwiftUI.framework */ = {isa = PBXFileReference; lastKnownFileType = wrapper.framework; name = SwiftUI.framework; path = System/Library/Frameworks/SwiftUI.framework; sourceTree = SDKROOT; };
		C04E9E90293C28F400882FC6 /* weatherkit_widget.swift */ = {isa = PBXFileReference; lastKnownFileType = sourcecode.swift; path = weatherkit_widget.swift; sourceTree = "<group>"; usesTabs = 0; };
		C04E9E92293C28F600882FC6 /* Assets.xcassets */ = {isa = PBXFileReference; lastKnownFileType = folder.assetcatalog; path = Assets.xcassets; sourceTree = "<group>"; };
		C04E9E94293C28F600882FC6 /* Info.plist */ = {isa = PBXFileReference; lastKnownFileType = text.plist.xml; path = Info.plist; sourceTree = "<group>"; };
		C04E9E9D293D134B00882FC6 /* weatherkit-widgetExtension.entitlements */ = {isa = PBXFileReference; lastKnownFileType = text.plist.entitlements; path = "weatherkit-widgetExtension.entitlements"; sourceTree = "<group>"; };
		C04E9E9E29417FA100882FC6 /* WidgetStruct.swift */ = {isa = PBXFileReference; lastKnownFileType = sourcecode.swift; path = WidgetStruct.swift; sourceTree = "<group>"; };
		C04E9EED2945296B00882FC6 /* PrimaryData.swift */ = {isa = PBXFileReference; lastKnownFileType = sourcecode.swift; path = PrimaryData.swift; sourceTree = "<group>"; };
		C053221D295D52F100FF849E /* RocketAnimationUtil.swift */ = {isa = PBXFileReference; lastKnownFileType = sourcecode.swift; path = RocketAnimationUtil.swift; sourceTree = "<group>"; };
		C055633B295CE4CB008CB6D4 /* NotificationUtil.swift */ = {isa = PBXFileReference; lastKnownFileType = sourcecode.swift; path = NotificationUtil.swift; sourceTree = "<group>"; };
		C055FD362997054E008850A6 /* RangeView.swift */ = {isa = PBXFileReference; lastKnownFileType = sourcecode.swift; path = RangeView.swift; sourceTree = "<group>"; };
		C055FD3829970DF7008850A6 /* WindView.swift */ = {isa = PBXFileReference; lastKnownFileType = sourcecode.swift; path = WindView.swift; sourceTree = "<group>"; };
		C055FD3A29970EDC008850A6 /* ForecastView.swift */ = {isa = PBXFileReference; lastKnownFileType = sourcecode.swift; path = ForecastView.swift; sourceTree = "<group>"; };
		C05606FB2A612DA800F3C705 /* PrecipitationPopUpVC.swift */ = {isa = PBXFileReference; lastKnownFileType = sourcecode.swift; path = PrecipitationPopUpVC.swift; sourceTree = "<group>"; };
		C05606FD2A61CEBA00F3C705 /* SwiftUIBackgroundBlur.swift */ = {isa = PBXFileReference; lastKnownFileType = sourcecode.swift; name = SwiftUIBackgroundBlur.swift; path = "programmatic-ui-weather-app/AnimationsEffects/SwiftUIBackgroundBlur.swift"; sourceTree = SOURCE_ROOT; };
		C05951AD29A08D1F00FC9FA6 /* WatchWeatherCall.swift */ = {isa = PBXFileReference; lastKnownFileType = sourcecode.swift; path = WatchWeatherCall.swift; sourceTree = "<group>"; };
		C05951AF29A08FE600FC9FA6 /* weatherkit-watchosExtension Watch App.entitlements */ = {isa = PBXFileReference; lastKnownFileType = text.plist.entitlements; path = "weatherkit-watchosExtension Watch App.entitlements"; sourceTree = "<group>"; };
		C06F8D2D292980550054D5DC /* ForecastListVC.swift */ = {isa = PBXFileReference; lastKnownFileType = sourcecode.swift; path = ForecastListVC.swift; sourceTree = "<group>"; };
		C06F8D30292981680054D5DC /* Forecasts.swift */ = {isa = PBXFileReference; lastKnownFileType = sourcecode.swift; path = Forecasts.swift; sourceTree = "<group>"; };
		C06F8D32292983810054D5DC /* ForecastsCell.swift */ = {isa = PBXFileReference; lastKnownFileType = sourcecode.swift; path = ForecastsCell.swift; sourceTree = "<group>"; };
		C0711C1E294844EC004D3BD3 /* SignikaNegative-SemiBold.ttf */ = {isa = PBXFileReference; lastKnownFileType = file; path = "SignikaNegative-SemiBold.ttf"; sourceTree = "<group>"; };
		C0711C1F29484643004D3BD3 /* JosefinSans-Regular.ttf */ = {isa = PBXFileReference; lastKnownFileType = file; path = "JosefinSans-Regular.ttf"; sourceTree = "<group>"; };
		C0711C2029484643004D3BD3 /* JosefinSans-SemiBold.ttf */ = {isa = PBXFileReference; lastKnownFileType = file; path = "JosefinSans-SemiBold.ttf"; sourceTree = "<group>"; };
		C0711C2129484643004D3BD3 /* JosefinSans-Light.ttf */ = {isa = PBXFileReference; lastKnownFileType = file; path = "JosefinSans-Light.ttf"; sourceTree = "<group>"; };
		C0711C2829484FD3004D3BD3 /* SunriseSunsetPopUpVC.swift */ = {isa = PBXFileReference; lastKnownFileType = sourcecode.swift; path = SunriseSunsetPopUpVC.swift; sourceTree = "<group>"; };
		C0711C2B2949667B004D3BD3 /* WindSpeedPopUpVC.swift */ = {isa = PBXFileReference; lastKnownFileType = sourcecode.swift; path = WindSpeedPopUpVC.swift; sourceTree = "<group>"; };
		C072FF452A742F8900CCF9B1 /* HourlyCollectionViewCell.swift */ = {isa = PBXFileReference; lastKnownFileType = sourcecode.swift; path = HourlyCollectionViewCell.swift; sourceTree = "<group>"; };
		C086977929A5BE8800B458CA /* WatchWeather Model.swift */ = {isa = PBXFileReference; lastKnownFileType = sourcecode.swift; path = "WatchWeather Model.swift"; sourceTree = "<group>"; };
		C0A211192952E21C00C05917 /* AnimationsEffects.swift */ = {isa = PBXFileReference; lastKnownFileType = sourcecode.swift; path = AnimationsEffects.swift; sourceTree = "<group>"; };
		C0B01BCA2912B08A00D887C6 /* programmatic-ui-weather-app.entitlements */ = {isa = PBXFileReference; lastKnownFileType = text.plist.entitlements; path = "programmatic-ui-weather-app.entitlements"; sourceTree = "<group>"; };
		C0B01BCB291334AC00D887C6 /* WeatherKitCallUtil.swift */ = {isa = PBXFileReference; lastKnownFileType = sourcecode.swift; path = WeatherKitCallUtil.swift; sourceTree = "<group>"; };
		C0B01BF2291F361800D887C6 /* TabBarViewController.swift */ = {isa = PBXFileReference; lastKnownFileType = sourcecode.swift; path = TabBarViewController.swift; sourceTree = "<group>"; };
		C0CF2DCC2929487800359476 /* SettingsCell.swift */ = {isa = PBXFileReference; fileEncoding = 4; lastKnownFileType = sourcecode.swift; path = SettingsCell.swift; sourceTree = "<group>"; };
		C0CF2DCE2929487800359476 /* Settings.swift */ = {isa = PBXFileReference; fileEncoding = 4; lastKnownFileType = sourcecode.swift; path = Settings.swift; sourceTree = "<group>"; };
		C0CF2DCF2929487800359476 /* SettingsListVC.swift */ = {isa = PBXFileReference; fileEncoding = 4; lastKnownFileType = sourcecode.swift; path = SettingsListVC.swift; sourceTree = "<group>"; };
		C0D265BF297635480079FBE3 /* WeatherKitData.swift */ = {isa = PBXFileReference; lastKnownFileType = sourcecode.swift; path = WeatherKitData.swift; sourceTree = "<group>"; };
		C0EDB9202A22BDD400C5C1BF /* weatherkit-weather-apptests.xctest */ = {isa = PBXFileReference; explicitFileType = wrapper.cfbundle; includeInIndex = 0; path = "weatherkit-weather-apptests.xctest"; sourceTree = BUILT_PRODUCTS_DIR; };
		C0EDB9222A22BDD400C5C1BF /* weatherkit_weather_apptests.swift */ = {isa = PBXFileReference; lastKnownFileType = sourcecode.swift; path = weatherkit_weather_apptests.swift; sourceTree = "<group>"; };
		C0EDB9292A22BDF600C5C1BF /* WindSpeedPopUpVCTests.swift */ = {isa = PBXFileReference; lastKnownFileType = sourcecode.swift; path = WindSpeedPopUpVCTests.swift; sourceTree = "<group>"; };
		C0EDB92C2A2429D300C5C1BF /* SpaceX.ttf */ = {isa = PBXFileReference; lastKnownFileType = file; path = SpaceX.ttf; sourceTree = "<group>"; };
		C0F341132ABD2AA9006501A7 /* AppDelegateBackgrounRefresh.swift */ = {isa = PBXFileReference; lastKnownFileType = sourcecode.swift; path = AppDelegateBackgrounRefresh.swift; sourceTree = "<group>"; };
/* End PBXFileReference section */

/* Begin PBXFrameworksBuildPhase section */
		C034703828F6221900656AA8 /* Frameworks */ = {
			isa = PBXFrameworksBuildPhase;
			buildActionMask = 2147483647;
			files = (
			);
			runOnlyForDeploymentPostprocessing = 0;
		};
		C04E9E86293C28F400882FC6 /* Frameworks */ = {
			isa = PBXFrameworksBuildPhase;
			buildActionMask = 2147483647;
			files = (
				C04E9E8E293C28F400882FC6 /* SwiftUI.framework in Frameworks */,
				C04E9E8C293C28F400882FC6 /* WidgetKit.framework in Frameworks */,
			);
			runOnlyForDeploymentPostprocessing = 0;
		};
		C0EDB91D2A22BDD400C5C1BF /* Frameworks */ = {
			isa = PBXFrameworksBuildPhase;
			buildActionMask = 2147483647;
			files = (
			);
			runOnlyForDeploymentPostprocessing = 0;
		};
/* End PBXFrameworksBuildPhase section */

/* Begin PBXGroup section */
		C006DE2B2963CB4300E8A44B /* InfoVC */ = {
			isa = PBXGroup;
			children = (
				C006DE2C2963CB5B00E8A44B /* InfoVC.swift */,
			);
			path = InfoVC;
			sourceTree = "<group>";
		};
		C01617C9298C6016006E7C0C /* weatherkit-watchosExtension Watch App */ = {
			isa = PBXGroup;
			children = (
				C05951AF29A08FE600FC9FA6 /* weatherkit-watchosExtension Watch App.entitlements */,
				C086977B29A5BE9A00B458CA /* Model */,
				C01B200C2995EBFE000363CA /* Views */,
				C01617DA298C6407006E7C0C /* weatherkit_watchosExtensionApp.swift */,
				C01617CC298C6016006E7C0C /* ContentView.swift */,
				C05951AD29A08D1F00FC9FA6 /* WatchWeatherCall.swift */,
				C01617CE298C6018006E7C0C /* Assets.xcassets */,
				C01617D0298C6018006E7C0C /* Preview Content */,
			);
			path = "weatherkit-watchosExtension Watch App";
			sourceTree = "<group>";
		};
		C01617D0298C6018006E7C0C /* Preview Content */ = {
			isa = PBXGroup;
			children = (
				C01617D1298C6018006E7C0C /* Preview Assets.xcassets */,
			);
			path = "Preview Content";
			sourceTree = "<group>";
		};
		C01B200C2995EBFE000363CA /* Views */ = {
			isa = PBXGroup;
			children = (
				C01B200D2995EC21000363CA /* CurrentView.swift */,
				C055FD362997054E008850A6 /* RangeView.swift */,
				C055FD3829970DF7008850A6 /* WindView.swift */,
				C055FD3A29970EDC008850A6 /* ForecastView.swift */,
			);
			path = Views;
			sourceTree = "<group>";
		};
		C034703228F6221900656AA8 = {
			isa = PBXGroup;
			children = (
				C04E9E9D293D134B00882FC6 /* weatherkit-widgetExtension.entitlements */,
				C034703D28F6221900656AA8 /* programmatic-ui-weather-app */,
				C04E9E8F293C28F400882FC6 /* weatherkit-widget */,
				C01617C9298C6016006E7C0C /* weatherkit-watchosExtension Watch App */,
				C0EDB9212A22BDD400C5C1BF /* weatherkit-weather-apptests */,
				C04E9E8A293C28F400882FC6 /* Frameworks */,
				C034703C28F6221900656AA8 /* Products */,
			);
			sourceTree = "<group>";
		};
		C034703C28F6221900656AA8 /* Products */ = {
			isa = PBXGroup;
			children = (
				C034703B28F6221900656AA8 /* weatherkit-weather-app.app */,
				C04E9E89293C28F400882FC6 /* weatherkit-widgetExtension.appex */,
				C0EDB9202A22BDD400C5C1BF /* weatherkit-weather-apptests.xctest */,
			);
			name = Products;
			sourceTree = "<group>";
		};
		C034703D28F6221900656AA8 /* programmatic-ui-weather-app */ = {
			isa = PBXGroup;
			children = (
				C0B01BCA2912B08A00D887C6 /* programmatic-ui-weather-app.entitlements */,
				C034705328F640AD00656AA8 /* Delegates */,
				C0A211182952E20B00C05917 /* AnimationsEffects */,
				C034705228F6406500656AA8 /* Files */,
				C0D265BE297635230079FBE3 /* WeatherStruct */,
				C034705628F7363E00656AA8 /* Utils */,
				C0B01BF5291F41F700D887C6 /* View Controllers */,
				C0EDB92B2A2429AC00C5C1BF /* Fonts */,
				C034704C28F6221A00656AA8 /* Info.plist */,
			);
			path = "programmatic-ui-weather-app";
			sourceTree = "<group>";
		};
		C034705228F6406500656AA8 /* Files */ = {
			isa = PBXGroup;
			children = (
				C034704728F6221A00656AA8 /* Assets.xcassets */,
				C034704928F6221A00656AA8 /* LaunchScreen.storyboard */,
			);
			path = Files;
			sourceTree = "<group>";
		};
		C034705328F640AD00656AA8 /* Delegates */ = {
			isa = PBXGroup;
			children = (
				C034703E28F6221900656AA8 /* AppDelegate.swift */,
				C034704028F6221900656AA8 /* SceneDelegate.swift */,
				C0F341132ABD2AA9006501A7 /* AppDelegateBackgrounRefresh.swift */,
			);
			path = Delegates;
			sourceTree = "<group>";
		};
		C034705628F7363E00656AA8 /* Utils */ = {
			isa = PBXGroup;
			children = (
				C034705F28FB08AF00656AA8 /* DateConverterUtil.swift */,
				C04E9E9E29417FA100882FC6 /* WidgetStruct.swift */,
				C04E9EED2945296B00882FC6 /* PrimaryData.swift */,
				C0B01BCB291334AC00D887C6 /* WeatherKitCallUtil.swift */,
				C055633B295CE4CB008CB6D4 /* NotificationUtil.swift */,
				C053221D295D52F100FF849E /* RocketAnimationUtil.swift */,
			);
			path = Utils;
			sourceTree = "<group>";
		};
		C03E36BD29482CC200FDAC50 /* Fonts */ = {
			isa = PBXGroup;
			children = (
				C0711C2129484643004D3BD3 /* JosefinSans-Light.ttf */,
				C0711C1F29484643004D3BD3 /* JosefinSans-Regular.ttf */,
				C0711C2029484643004D3BD3 /* JosefinSans-SemiBold.ttf */,
				C0711C1E294844EC004D3BD3 /* SignikaNegative-SemiBold.ttf */,
				C03E36B929482C8900FDAC50 /* SignikaNegative-Light.ttf */,
				C03E36B329482B1400FDAC50 /* FredokaOne-Regular.ttf */,
				C03E36B02948273F00FDAC50 /* Bonche-Light.otf */,
			);
			path = Fonts;
			sourceTree = "<group>";
		};
		C04E9E8A293C28F400882FC6 /* Frameworks */ = {
			isa = PBXGroup;
			children = (
				C04E9E8B293C28F400882FC6 /* WidgetKit.framework */,
				C04E9E8D293C28F400882FC6 /* SwiftUI.framework */,
			);
			name = Frameworks;
			sourceTree = "<group>";
		};
		C04E9E8F293C28F400882FC6 /* weatherkit-widget */ = {
			isa = PBXGroup;
			children = (
				C04E9E90293C28F400882FC6 /* weatherkit_widget.swift */,
				C03E36BD29482CC200FDAC50 /* Fonts */,
				C04E9E92293C28F600882FC6 /* Assets.xcassets */,
				C04E9E94293C28F600882FC6 /* Info.plist */,
			);
			path = "weatherkit-widget";
			sourceTree = "<group>";
		};
		C06F8D2C2929803C0054D5DC /* ForecastVC */ = {
			isa = PBXGroup;
			children = (
				C06F8D2F2929814F0054D5DC /* Forecast Model */,
				C06F8D32292983810054D5DC /* ForecastsCell.swift */,
				C06F8D2D292980550054D5DC /* ForecastListVC.swift */,
			);
			path = ForecastVC;
			sourceTree = "<group>";
		};
		C06F8D2F2929814F0054D5DC /* Forecast Model */ = {
			isa = PBXGroup;
			children = (
				C06F8D30292981680054D5DC /* Forecasts.swift */,
			);
			path = "Forecast Model";
			sourceTree = "<group>";
		};
		C072FF442A742F6700CCF9B1 /* HourlyCollectionViewCell */ = {
			isa = PBXGroup;
			children = (
				C072FF452A742F8900CCF9B1 /* HourlyCollectionViewCell.swift */,
			);
			path = HourlyCollectionViewCell;
			sourceTree = "<group>";
		};
		C086977B29A5BE9A00B458CA /* Model */ = {
			isa = PBXGroup;
			children = (
				C086977929A5BE8800B458CA /* WatchWeather Model.swift */,
			);
			path = Model;
			sourceTree = "<group>";
		};
		C0A211182952E20B00C05917 /* AnimationsEffects */ = {
			isa = PBXGroup;
			children = (
				C05606FD2A61CEBA00F3C705 /* SwiftUIBackgroundBlur.swift */,
				C0A211192952E21C00C05917 /* AnimationsEffects.swift */,
			);
			path = AnimationsEffects;
			sourceTree = "<group>";
		};
		C0A68C73293BF22E000A24DC /* MainVC */ = {
			isa = PBXGroup;
			children = (
				C072FF442A742F6700CCF9B1 /* HourlyCollectionViewCell */,
				C034704228F6221900656AA8 /* MainViewController.swift */,
			);
			path = MainVC;
			sourceTree = "<group>";
		};
		C0B01BF4291F3C3F00D887C6 /* TabBarVC */ = {
			isa = PBXGroup;
			children = (
				C0B01BF2291F361800D887C6 /* TabBarViewController.swift */,
			);
			path = TabBarVC;
			sourceTree = "<group>";
		};
		C0B01BF5291F41F700D887C6 /* View Controllers */ = {
			isa = PBXGroup;
			children = (
				C0B01BF4291F3C3F00D887C6 /* TabBarVC */,
				C0A68C73293BF22E000A24DC /* MainVC */,
				C0B01BFD2920223A00D887C6 /* PopUp VC */,
				C06F8D2C2929803C0054D5DC /* ForecastVC */,
				C006DE2B2963CB4300E8A44B /* InfoVC */,
				C0B01C25292363E500D887C6 /* SettingsVC */,
			);
			path = "View Controllers";
			sourceTree = "<group>";
		};
		C0B01BFD2920223A00D887C6 /* PopUp VC */ = {
			isa = PBXGroup;
			children = (
				C0711C2829484FD3004D3BD3 /* SunriseSunsetPopUpVC.swift */,
				C0711C2B2949667B004D3BD3 /* WindSpeedPopUpVC.swift */,
				C05606FB2A612DA800F3C705 /* PrecipitationPopUpVC.swift */,
			);
			path = "PopUp VC";
			sourceTree = "<group>";
		};
		C0B01C25292363E500D887C6 /* SettingsVC */ = {
			isa = PBXGroup;
			children = (
				C0CF2DCD2929487800359476 /* Settings Model */,
				C0CF2DCC2929487800359476 /* SettingsCell.swift */,
				C0CF2DCF2929487800359476 /* SettingsListVC.swift */,
			);
			path = SettingsVC;
			sourceTree = "<group>";
		};
		C0CF2DCD2929487800359476 /* Settings Model */ = {
			isa = PBXGroup;
			children = (
				C0CF2DCE2929487800359476 /* Settings.swift */,
			);
			path = "Settings Model";
			sourceTree = "<group>";
		};
		C0D265BE297635230079FBE3 /* WeatherStruct */ = {
			isa = PBXGroup;
			children = (
				C0D265BF297635480079FBE3 /* WeatherKitData.swift */,
			);
			path = WeatherStruct;
			sourceTree = "<group>";
		};
		C0EDB9212A22BDD400C5C1BF /* weatherkit-weather-apptests */ = {
			isa = PBXGroup;
			children = (
				C0EDB9222A22BDD400C5C1BF /* weatherkit_weather_apptests.swift */,
				C0EDB9292A22BDF600C5C1BF /* WindSpeedPopUpVCTests.swift */,
			);
			path = "weatherkit-weather-apptests";
			sourceTree = "<group>";
		};
		C0EDB92B2A2429AC00C5C1BF /* Fonts */ = {
			isa = PBXGroup;
			children = (
				C0EDB92C2A2429D300C5C1BF /* SpaceX.ttf */,
			);
			path = Fonts;
			sourceTree = "<group>";
		};
/* End PBXGroup section */

/* Begin PBXNativeTarget section */
		C034703A28F6221900656AA8 /* weatherkit-weather-app */ = {
			isa = PBXNativeTarget;
			buildConfigurationList = C034704F28F6221A00656AA8 /* Build configuration list for PBXNativeTarget "weatherkit-weather-app" */;
			buildPhases = (
				C034703728F6221900656AA8 /* Sources */,
				C034703828F6221900656AA8 /* Frameworks */,
				C034703928F6221900656AA8 /* Resources */,
				C04E9E9B293C28F600882FC6 /* Embed Foundation Extensions */,
			);
			buildRules = (
			);
			dependencies = (
				C04E9E96293C28F600882FC6 /* PBXTargetDependency */,
			);
			name = "weatherkit-weather-app";
			packageProductDependencies = (
			);
			productName = "programmatic-ui-weather-app";
			productReference = C034703B28F6221900656AA8 /* weatherkit-weather-app.app */;
			productType = "com.apple.product-type.application";
		};
		C04E9E88293C28F400882FC6 /* weatherkit-widgetExtension */ = {
			isa = PBXNativeTarget;
			buildConfigurationList = C04E9E98293C28F600882FC6 /* Build configuration list for PBXNativeTarget "weatherkit-widgetExtension" */;
			buildPhases = (
				C04E9E85293C28F400882FC6 /* Sources */,
				C04E9E86293C28F400882FC6 /* Frameworks */,
				C04E9E87293C28F400882FC6 /* Resources */,
			);
			buildRules = (
			);
			dependencies = (
			);
			name = "weatherkit-widgetExtension";
			productName = "weatherkit-widgetExtension";
			productReference = C04E9E89293C28F400882FC6 /* weatherkit-widgetExtension.appex */;
			productType = "com.apple.product-type.app-extension";
		};
		C0EDB91F2A22BDD400C5C1BF /* weatherkit-weather-apptests */ = {
			isa = PBXNativeTarget;
			buildConfigurationList = C0EDB9262A22BDD400C5C1BF /* Build configuration list for PBXNativeTarget "weatherkit-weather-apptests" */;
			buildPhases = (
				C0EDB91C2A22BDD400C5C1BF /* Sources */,
				C0EDB91D2A22BDD400C5C1BF /* Frameworks */,
				C0EDB91E2A22BDD400C5C1BF /* Resources */,
			);
			buildRules = (
			);
			dependencies = (
				C0EDB9252A22BDD400C5C1BF /* PBXTargetDependency */,
			);
			name = "weatherkit-weather-apptests";
			productName = "weatherkit-weather-apptests";
			productReference = C0EDB9202A22BDD400C5C1BF /* weatherkit-weather-apptests.xctest */;
			productType = "com.apple.product-type.bundle.unit-test";
		};
/* End PBXNativeTarget section */

/* Begin PBXProject section */
		C034703328F6221900656AA8 /* Project object */ = {
			isa = PBXProject;
			attributes = {
				BuildIndependentTargetsInParallel = 1;
				LastSwiftUpdateCheck = 1420;
				LastUpgradeCheck = 1400;
				TargetAttributes = {
					C034703A28F6221900656AA8 = {
						CreatedOnToolsVersion = 14.0;
					};
					C04E9E88293C28F400882FC6 = {
						CreatedOnToolsVersion = 14.0;
					};
					C0EDB91F2A22BDD400C5C1BF = {
						CreatedOnToolsVersion = 14.2;
						TestTargetID = C034703A28F6221900656AA8;
					};
				};
			};
			buildConfigurationList = C034703628F6221900656AA8 /* Build configuration list for PBXProject "weatherkit-weather-app" */;
			compatibilityVersion = "Xcode 13.0";
			developmentRegion = en;
			hasScannedForEncodings = 0;
			knownRegions = (
				en,
				Base,
			);
			mainGroup = C034703228F6221900656AA8;
			packageReferences = (
			);
			productRefGroup = C034703C28F6221900656AA8 /* Products */;
			projectDirPath = "";
			projectRoot = "";
			targets = (
				C034703A28F6221900656AA8 /* weatherkit-weather-app */,
				C04E9E88293C28F400882FC6 /* weatherkit-widgetExtension */,
				C0EDB91F2A22BDD400C5C1BF /* weatherkit-weather-apptests */,
			);
		};
/* End PBXProject section */

/* Begin PBXResourcesBuildPhase section */
		C034703928F6221900656AA8 /* Resources */ = {
			isa = PBXResourcesBuildPhase;
			buildActionMask = 2147483647;
			files = (
				C0711C2429484644004D3BD3 /* JosefinSans-SemiBold.ttf in Resources */,
				C0711C2629484644004D3BD3 /* JosefinSans-Light.ttf in Resources */,
				C03E36B12948273F00FDAC50 /* Bonche-Light.otf in Resources */,
				C0711C2229484644004D3BD3 /* JosefinSans-Regular.ttf in Resources */,
				C0EDB92D2A2429D300C5C1BF /* SpaceX.ttf in Resources */,
				C03E36BA29482C8900FDAC50 /* SignikaNegative-Light.ttf in Resources */,
				C034704B28F6221A00656AA8 /* LaunchScreen.storyboard in Resources */,
				C034704828F6221A00656AA8 /* Assets.xcassets in Resources */,
				C03E36B429482B1400FDAC50 /* FredokaOne-Regular.ttf in Resources */,
			);
			runOnlyForDeploymentPostprocessing = 0;
		};
		C04E9E87293C28F400882FC6 /* Resources */ = {
			isa = PBXResourcesBuildPhase;
			buildActionMask = 2147483647;
			files = (
				C04E9E93293C28F600882FC6 /* Assets.xcassets in Resources */,
				C0711C2529484644004D3BD3 /* JosefinSans-SemiBold.ttf in Resources */,
				C0EDB92E2A2429D300C5C1BF /* SpaceX.ttf in Resources */,
				C03E36B22948273F00FDAC50 /* Bonche-Light.otf in Resources */,
				C03E36B529482B1400FDAC50 /* FredokaOne-Regular.ttf in Resources */,
				C0711C2329484644004D3BD3 /* JosefinSans-Regular.ttf in Resources */,
				C03E36BB29482C8900FDAC50 /* SignikaNegative-Light.ttf in Resources */,
				C0711C2729484644004D3BD3 /* JosefinSans-Light.ttf in Resources */,
			);
			runOnlyForDeploymentPostprocessing = 0;
		};
		C0EDB91E2A22BDD400C5C1BF /* Resources */ = {
			isa = PBXResourcesBuildPhase;
			buildActionMask = 2147483647;
			files = (
			);
			runOnlyForDeploymentPostprocessing = 0;
		};
/* End PBXResourcesBuildPhase section */

/* Begin PBXSourcesBuildPhase section */
		C034703728F6221900656AA8 /* Sources */ = {
			isa = PBXSourcesBuildPhase;
			buildActionMask = 2147483647;
			files = (
				C06F8D33292983810054D5DC /* ForecastsCell.swift in Sources */,
				C0CF2DD02929487800359476 /* SettingsCell.swift in Sources */,
				C0A2111A2952E21C00C05917 /* AnimationsEffects.swift in Sources */,
				C06F8D31292981680054D5DC /* Forecasts.swift in Sources */,
				C006DE2D2963CB5B00E8A44B /* InfoVC.swift in Sources */,
				C0F341142ABD2AA9006501A7 /* AppDelegateBackgrounRefresh.swift in Sources */,
				C034706028FB08AF00656AA8 /* DateConverterUtil.swift in Sources */,
				C0711C2C2949667B004D3BD3 /* WindSpeedPopUpVC.swift in Sources */,
				C0B01BF3291F361900D887C6 /* TabBarViewController.swift in Sources */,
				C0711C2929484FD3004D3BD3 /* SunriseSunsetPopUpVC.swift in Sources */,
				C0D265C0297635480079FBE3 /* WeatherKitData.swift in Sources */,
				C04E9E9F29417FA100882FC6 /* WidgetStruct.swift in Sources */,
				C072FF462A742F8900CCF9B1 /* HourlyCollectionViewCell.swift in Sources */,
				C0CF2DD22929487800359476 /* SettingsListVC.swift in Sources */,
				C034704328F6221900656AA8 /* MainViewController.swift in Sources */,
				C05606FE2A61CEBA00F3C705 /* SwiftUIBackgroundBlur.swift in Sources */,
				C0CF2DD12929487800359476 /* Settings.swift in Sources */,
				C04E9EEE2945296C00882FC6 /* PrimaryData.swift in Sources */,
				C06F8D2E292980550054D5DC /* ForecastListVC.swift in Sources */,
				C055633C295CE4CB008CB6D4 /* NotificationUtil.swift in Sources */,
				C05606FC2A612DA800F3C705 /* PrecipitationPopUpVC.swift in Sources */,
				C0B01BCC291334AC00D887C6 /* WeatherKitCallUtil.swift in Sources */,
				C034703F28F6221900656AA8 /* AppDelegate.swift in Sources */,
				C034704128F6221900656AA8 /* SceneDelegate.swift in Sources */,
				C053221E295D52F100FF849E /* RocketAnimationUtil.swift in Sources */,
			);
			runOnlyForDeploymentPostprocessing = 0;
		};
		C04E9E85293C28F400882FC6 /* Sources */ = {
			isa = PBXSourcesBuildPhase;
			buildActionMask = 2147483647;
			files = (
				C055FD3C299721F9008850A6 /* PrimaryData.swift in Sources */,
				C04E9EA029417FA400882FC6 /* WidgetStruct.swift in Sources */,
				C04E9E91293C28F400882FC6 /* weatherkit_widget.swift in Sources */,
			);
			runOnlyForDeploymentPostprocessing = 0;
		};
		C0EDB91C2A22BDD400C5C1BF /* Sources */ = {
			isa = PBXSourcesBuildPhase;
			buildActionMask = 2147483647;
			files = (
				C0EDB9232A22BDD400C5C1BF /* weatherkit_weather_apptests.swift in Sources */,
				C0EDB92A2A22BDF600C5C1BF /* WindSpeedPopUpVCTests.swift in Sources */,
			);
			runOnlyForDeploymentPostprocessing = 0;
		};
/* End PBXSourcesBuildPhase section */

/* Begin PBXTargetDependency section */
		C04E9E96293C28F600882FC6 /* PBXTargetDependency */ = {
			isa = PBXTargetDependency;
			target = C04E9E88293C28F400882FC6 /* weatherkit-widgetExtension */;
			targetProxy = C04E9E95293C28F600882FC6 /* PBXContainerItemProxy */;
		};
		C0EDB9252A22BDD400C5C1BF /* PBXTargetDependency */ = {
			isa = PBXTargetDependency;
			target = C034703A28F6221900656AA8 /* weatherkit-weather-app */;
			targetProxy = C0EDB9242A22BDD400C5C1BF /* PBXContainerItemProxy */;
		};
/* End PBXTargetDependency section */

/* Begin PBXVariantGroup section */
		C034704928F6221A00656AA8 /* LaunchScreen.storyboard */ = {
			isa = PBXVariantGroup;
			children = (
				C034704A28F6221A00656AA8 /* Base */,
			);
			name = LaunchScreen.storyboard;
			sourceTree = "<group>";
		};
/* End PBXVariantGroup section */

/* Begin XCBuildConfiguration section */
		C034704D28F6221A00656AA8 /* Debug */ = {
			isa = XCBuildConfiguration;
			buildSettings = {
				ALWAYS_SEARCH_USER_PATHS = NO;
				CLANG_ANALYZER_NONNULL = YES;
				CLANG_ANALYZER_NUMBER_OBJECT_CONVERSION = YES_AGGRESSIVE;
				CLANG_CXX_LANGUAGE_STANDARD = "gnu++20";
				CLANG_ENABLE_MODULES = YES;
				CLANG_ENABLE_OBJC_ARC = YES;
				CLANG_ENABLE_OBJC_WEAK = YES;
				CLANG_WARN_BLOCK_CAPTURE_AUTORELEASING = YES;
				CLANG_WARN_BOOL_CONVERSION = YES;
				CLANG_WARN_COMMA = YES;
				CLANG_WARN_CONSTANT_CONVERSION = YES;
				CLANG_WARN_DEPRECATED_OBJC_IMPLEMENTATIONS = YES;
				CLANG_WARN_DIRECT_OBJC_ISA_USAGE = YES_ERROR;
				CLANG_WARN_DOCUMENTATION_COMMENTS = YES;
				CLANG_WARN_EMPTY_BODY = YES;
				CLANG_WARN_ENUM_CONVERSION = YES;
				CLANG_WARN_INFINITE_RECURSION = YES;
				CLANG_WARN_INT_CONVERSION = YES;
				CLANG_WARN_NON_LITERAL_NULL_CONVERSION = YES;
				CLANG_WARN_OBJC_IMPLICIT_RETAIN_SELF = YES;
				CLANG_WARN_OBJC_LITERAL_CONVERSION = YES;
				CLANG_WARN_OBJC_ROOT_CLASS = YES_ERROR;
				CLANG_WARN_QUOTED_INCLUDE_IN_FRAMEWORK_HEADER = YES;
				CLANG_WARN_RANGE_LOOP_ANALYSIS = YES;
				CLANG_WARN_STRICT_PROTOTYPES = YES;
				CLANG_WARN_SUSPICIOUS_MOVE = YES;
				CLANG_WARN_UNGUARDED_AVAILABILITY = YES_AGGRESSIVE;
				CLANG_WARN_UNREACHABLE_CODE = YES;
				CLANG_WARN__DUPLICATE_METHOD_MATCH = YES;
				COPY_PHASE_STRIP = NO;
				DEBUG_INFORMATION_FORMAT = dwarf;
				ENABLE_STRICT_OBJC_MSGSEND = YES;
				ENABLE_TESTABILITY = YES;
				GCC_C_LANGUAGE_STANDARD = gnu11;
				GCC_DYNAMIC_NO_PIC = NO;
				GCC_NO_COMMON_BLOCKS = YES;
				GCC_OPTIMIZATION_LEVEL = 0;
				GCC_PREPROCESSOR_DEFINITIONS = (
					"DEBUG=1",
					"$(inherited)",
				);
				GCC_WARN_64_TO_32_BIT_CONVERSION = YES;
				GCC_WARN_ABOUT_RETURN_TYPE = YES_ERROR;
				GCC_WARN_UNDECLARED_SELECTOR = YES;
				GCC_WARN_UNINITIALIZED_AUTOS = YES_AGGRESSIVE;
				GCC_WARN_UNUSED_FUNCTION = YES;
				GCC_WARN_UNUSED_VARIABLE = YES;
				IPHONEOS_DEPLOYMENT_TARGET = 16.0;
				MTL_ENABLE_DEBUG_INFO = INCLUDE_SOURCE;
				MTL_FAST_MATH = YES;
				ONLY_ACTIVE_ARCH = YES;
				SDKROOT = iphoneos;
				SWIFT_ACTIVE_COMPILATION_CONDITIONS = DEBUG;
				SWIFT_OPTIMIZATION_LEVEL = "-Onone";
			};
			name = Debug;
		};
		C034704E28F6221A00656AA8 /* Release */ = {
			isa = XCBuildConfiguration;
			buildSettings = {
				ALWAYS_SEARCH_USER_PATHS = NO;
				CLANG_ANALYZER_NONNULL = YES;
				CLANG_ANALYZER_NUMBER_OBJECT_CONVERSION = YES_AGGRESSIVE;
				CLANG_CXX_LANGUAGE_STANDARD = "gnu++20";
				CLANG_ENABLE_MODULES = YES;
				CLANG_ENABLE_OBJC_ARC = YES;
				CLANG_ENABLE_OBJC_WEAK = YES;
				CLANG_WARN_BLOCK_CAPTURE_AUTORELEASING = YES;
				CLANG_WARN_BOOL_CONVERSION = YES;
				CLANG_WARN_COMMA = YES;
				CLANG_WARN_CONSTANT_CONVERSION = YES;
				CLANG_WARN_DEPRECATED_OBJC_IMPLEMENTATIONS = YES;
				CLANG_WARN_DIRECT_OBJC_ISA_USAGE = YES_ERROR;
				CLANG_WARN_DOCUMENTATION_COMMENTS = YES;
				CLANG_WARN_EMPTY_BODY = YES;
				CLANG_WARN_ENUM_CONVERSION = YES;
				CLANG_WARN_INFINITE_RECURSION = YES;
				CLANG_WARN_INT_CONVERSION = YES;
				CLANG_WARN_NON_LITERAL_NULL_CONVERSION = YES;
				CLANG_WARN_OBJC_IMPLICIT_RETAIN_SELF = YES;
				CLANG_WARN_OBJC_LITERAL_CONVERSION = YES;
				CLANG_WARN_OBJC_ROOT_CLASS = YES_ERROR;
				CLANG_WARN_QUOTED_INCLUDE_IN_FRAMEWORK_HEADER = YES;
				CLANG_WARN_RANGE_LOOP_ANALYSIS = YES;
				CLANG_WARN_STRICT_PROTOTYPES = YES;
				CLANG_WARN_SUSPICIOUS_MOVE = YES;
				CLANG_WARN_UNGUARDED_AVAILABILITY = YES_AGGRESSIVE;
				CLANG_WARN_UNREACHABLE_CODE = YES;
				CLANG_WARN__DUPLICATE_METHOD_MATCH = YES;
				COPY_PHASE_STRIP = NO;
				DEBUG_INFORMATION_FORMAT = "dwarf-with-dsym";
				ENABLE_NS_ASSERTIONS = NO;
				ENABLE_STRICT_OBJC_MSGSEND = YES;
				GCC_C_LANGUAGE_STANDARD = gnu11;
				GCC_NO_COMMON_BLOCKS = YES;
				GCC_WARN_64_TO_32_BIT_CONVERSION = YES;
				GCC_WARN_ABOUT_RETURN_TYPE = YES_ERROR;
				GCC_WARN_UNDECLARED_SELECTOR = YES;
				GCC_WARN_UNINITIALIZED_AUTOS = YES_AGGRESSIVE;
				GCC_WARN_UNUSED_FUNCTION = YES;
				GCC_WARN_UNUSED_VARIABLE = YES;
				IPHONEOS_DEPLOYMENT_TARGET = 16.0;
				MTL_ENABLE_DEBUG_INFO = NO;
				MTL_FAST_MATH = YES;
				SDKROOT = iphoneos;
				SWIFT_COMPILATION_MODE = wholemodule;
				SWIFT_OPTIMIZATION_LEVEL = "-O";
				VALIDATE_PRODUCT = YES;
			};
			name = Release;
		};
		C034705028F6221A00656AA8 /* Debug */ = {
			isa = XCBuildConfiguration;
			buildSettings = {
				ALWAYS_EMBED_SWIFT_STANDARD_LIBRARIES = YES;
				ASSETCATALOG_COMPILER_APPICON_NAME = AppIcon;
				ASSETCATALOG_COMPILER_GLOBAL_ACCENT_COLOR_NAME = AccentColor;
				CODE_SIGN_ENTITLEMENTS = "programmatic-ui-weather-app/programmatic-ui-weather-app.entitlements";
				CODE_SIGN_STYLE = Automatic;
				CURRENT_PROJECT_VERSION = 1;
				DEVELOPMENT_TEAM = PT5J4Z6J5K;
				GENERATE_INFOPLIST_FILE = YES;
				INFOPLIST_FILE = "programmatic-ui-weather-app/Info.plist";
				INFOPLIST_KEY_CFBundleDisplayName = StormyLaunch;
				INFOPLIST_KEY_LSApplicationCategoryType = "public.app-category.weather";
				INFOPLIST_KEY_NSLocationAlwaysAndWhenInUseUsageDescription = "Your location helps us determine the most relevant weather";
				INFOPLIST_KEY_NSLocationWhenInUseUsageDescription = "Your location helps us determine the most relevant weather";
				INFOPLIST_KEY_UIApplicationSupportsIndirectInputEvents = YES;
				INFOPLIST_KEY_UILaunchStoryboardName = LaunchScreen;
				INFOPLIST_KEY_UIStatusBarStyle = UIStatusBarStyleDarkContent;
				INFOPLIST_KEY_UISupportedInterfaceOrientations = UIInterfaceOrientationPortrait;
				INFOPLIST_KEY_UISupportedInterfaceOrientations_iPad = "UIInterfaceOrientationLandscapeLeft UIInterfaceOrientationLandscapeRight UIInterfaceOrientationPortrait UIInterfaceOrientationPortraitUpsideDown";
				INFOPLIST_KEY_UIUserInterfaceStyle = Dark;
				IPHONEOS_DEPLOYMENT_TARGET = 16.0;
				LD_RUNPATH_SEARCH_PATHS = (
					"$(inherited)",
					"@executable_path/Frameworks",
				);
				MARKETING_VERSION = 0.6.6;
				PRODUCT_BUNDLE_IDENTIFIER = "com.ES.weatherkit-programmatic-app";
				PRODUCT_NAME = "$(TARGET_NAME)";
				SUPPORTED_PLATFORMS = "iphoneos iphonesimulator";
				SUPPORTS_MACCATALYST = NO;
				SUPPORTS_MAC_DESIGNED_FOR_IPHONE_IPAD = YES;
				SWIFT_EMIT_LOC_STRINGS = YES;
				SWIFT_VERSION = 5.0;
				TARGETED_DEVICE_FAMILY = 1;
			};
			name = Debug;
		};
		C034705128F6221A00656AA8 /* Release */ = {
			isa = XCBuildConfiguration;
			buildSettings = {
				ALWAYS_EMBED_SWIFT_STANDARD_LIBRARIES = YES;
				ASSETCATALOG_COMPILER_APPICON_NAME = AppIcon;
				ASSETCATALOG_COMPILER_GLOBAL_ACCENT_COLOR_NAME = AccentColor;
				CODE_SIGN_ENTITLEMENTS = "programmatic-ui-weather-app/programmatic-ui-weather-app.entitlements";
				CODE_SIGN_STYLE = Automatic;
				CURRENT_PROJECT_VERSION = 1;
				DEVELOPMENT_TEAM = PT5J4Z6J5K;
				GENERATE_INFOPLIST_FILE = YES;
				INFOPLIST_FILE = "programmatic-ui-weather-app/Info.plist";
				INFOPLIST_KEY_CFBundleDisplayName = StormyLaunch;
				INFOPLIST_KEY_LSApplicationCategoryType = "public.app-category.weather";
				INFOPLIST_KEY_NSLocationAlwaysAndWhenInUseUsageDescription = "Your location helps us determine the most relevant weather";
				INFOPLIST_KEY_NSLocationWhenInUseUsageDescription = "Your location helps us determine the most relevant weather";
				INFOPLIST_KEY_UIApplicationSupportsIndirectInputEvents = YES;
				INFOPLIST_KEY_UILaunchStoryboardName = LaunchScreen;
				INFOPLIST_KEY_UIStatusBarStyle = UIStatusBarStyleDarkContent;
				INFOPLIST_KEY_UISupportedInterfaceOrientations = UIInterfaceOrientationPortrait;
				INFOPLIST_KEY_UISupportedInterfaceOrientations_iPad = "UIInterfaceOrientationLandscapeLeft UIInterfaceOrientationLandscapeRight UIInterfaceOrientationPortrait UIInterfaceOrientationPortraitUpsideDown";
				INFOPLIST_KEY_UIUserInterfaceStyle = Dark;
				IPHONEOS_DEPLOYMENT_TARGET = 16.0;
				LD_RUNPATH_SEARCH_PATHS = (
					"$(inherited)",
					"@executable_path/Frameworks",
				);
				MARKETING_VERSION = 0.6.6;
				PRODUCT_BUNDLE_IDENTIFIER = "com.ES.weatherkit-programmatic-app";
				PRODUCT_NAME = "$(TARGET_NAME)";
				SUPPORTED_PLATFORMS = "iphoneos iphonesimulator";
				SUPPORTS_MACCATALYST = NO;
				SUPPORTS_MAC_DESIGNED_FOR_IPHONE_IPAD = YES;
				SWIFT_EMIT_LOC_STRINGS = YES;
				SWIFT_VERSION = 5.0;
				TARGETED_DEVICE_FAMILY = 1;
			};
			name = Release;
		};
		C04E9E99293C28F600882FC6 /* Debug */ = {
			isa = XCBuildConfiguration;
			buildSettings = {
				ASSETCATALOG_COMPILER_GLOBAL_ACCENT_COLOR_NAME = AccentColor;
				ASSETCATALOG_COMPILER_WIDGET_BACKGROUND_COLOR_NAME = WidgetBackground;
				CODE_SIGN_ENTITLEMENTS = "weatherkit-widgetExtension.entitlements";
				CODE_SIGN_STYLE = Automatic;
				CURRENT_PROJECT_VERSION = 1;
				DEVELOPMENT_TEAM = PT5J4Z6J5K;
				GENERATE_INFOPLIST_FILE = YES;
				INFOPLIST_FILE = "weatherkit-widget/Info.plist";
				INFOPLIST_KEY_CFBundleDisplayName = StormyLaunch;
				INFOPLIST_KEY_NSHumanReadableCopyright = "";
				LD_RUNPATH_SEARCH_PATHS = (
					"$(inherited)",
					"@executable_path/Frameworks",
					"@executable_path/../../Frameworks",
				);
				MARKETING_VERSION = 0.6.5;
				PRODUCT_BUNDLE_IDENTIFIER = "com.ES.weatherkit-programmatic-app.weatherkit-widget";
				PRODUCT_NAME = "$(TARGET_NAME)";
				SKIP_INSTALL = YES;
				SWIFT_EMIT_LOC_STRINGS = YES;
				SWIFT_VERSION = 5.0;
				TARGETED_DEVICE_FAMILY = "1,2";
			};
			name = Debug;
		};
		C04E9E9A293C28F600882FC6 /* Release */ = {
			isa = XCBuildConfiguration;
			buildSettings = {
				ASSETCATALOG_COMPILER_GLOBAL_ACCENT_COLOR_NAME = AccentColor;
				ASSETCATALOG_COMPILER_WIDGET_BACKGROUND_COLOR_NAME = WidgetBackground;
				CODE_SIGN_ENTITLEMENTS = "weatherkit-widgetExtension.entitlements";
				CODE_SIGN_STYLE = Automatic;
				CURRENT_PROJECT_VERSION = 1;
				DEVELOPMENT_TEAM = PT5J4Z6J5K;
				GENERATE_INFOPLIST_FILE = YES;
				INFOPLIST_FILE = "weatherkit-widget/Info.plist";
				INFOPLIST_KEY_CFBundleDisplayName = StormyLaunch;
				INFOPLIST_KEY_NSHumanReadableCopyright = "";
				LD_RUNPATH_SEARCH_PATHS = (
					"$(inherited)",
					"@executable_path/Frameworks",
					"@executable_path/../../Frameworks",
				);
				MARKETING_VERSION = 0.6.5;
				PRODUCT_BUNDLE_IDENTIFIER = "com.ES.weatherkit-programmatic-app.weatherkit-widget";
				PRODUCT_NAME = "$(TARGET_NAME)";
				SKIP_INSTALL = YES;
				SWIFT_EMIT_LOC_STRINGS = YES;
				SWIFT_VERSION = 5.0;
				TARGETED_DEVICE_FAMILY = "1,2";
			};
			name = Release;
		};
		C0EDB9272A22BDD400C5C1BF /* Debug */ = {
			isa = XCBuildConfiguration;
			buildSettings = {
				BUNDLE_LOADER = "$(TEST_HOST)";
				CODE_SIGN_STYLE = Automatic;
				CURRENT_PROJECT_VERSION = 1;
				DEVELOPMENT_TEAM = 983DASAX74;
				GENERATE_INFOPLIST_FILE = YES;
				IPHONEOS_DEPLOYMENT_TARGET = 16.0;
				MARKETING_VERSION = 1.0;
				PRODUCT_BUNDLE_IDENTIFIER = "RS.weatherkit-weather-apptests";
				PRODUCT_NAME = "$(TARGET_NAME)";
				SWIFT_EMIT_LOC_STRINGS = NO;
				SWIFT_VERSION = 5.0;
				TARGETED_DEVICE_FAMILY = "1,2";
				TEST_HOST = "$(BUILT_PRODUCTS_DIR)/weatherkit-weather-app.app/$(BUNDLE_EXECUTABLE_FOLDER_PATH)/weatherkit-weather-app";
			};
			name = Debug;
		};
		C0EDB9282A22BDD400C5C1BF /* Release */ = {
			isa = XCBuildConfiguration;
			buildSettings = {
				BUNDLE_LOADER = "$(TEST_HOST)";
				CODE_SIGN_STYLE = Automatic;
				CURRENT_PROJECT_VERSION = 1;
				DEVELOPMENT_TEAM = 983DASAX74;
				GENERATE_INFOPLIST_FILE = YES;
				IPHONEOS_DEPLOYMENT_TARGET = 16.0;
				MARKETING_VERSION = 1.0;
				PRODUCT_BUNDLE_IDENTIFIER = "RS.weatherkit-weather-apptests";
				PRODUCT_NAME = "$(TARGET_NAME)";
				SWIFT_EMIT_LOC_STRINGS = NO;
				SWIFT_VERSION = 5.0;
				TARGETED_DEVICE_FAMILY = "1,2";
				TEST_HOST = "$(BUILT_PRODUCTS_DIR)/weatherkit-weather-app.app/$(BUNDLE_EXECUTABLE_FOLDER_PATH)/weatherkit-weather-app";
			};
			name = Release;
		};
/* End XCBuildConfiguration section */

/* Begin XCConfigurationList section */
		C034703628F6221900656AA8 /* Build configuration list for PBXProject "weatherkit-weather-app" */ = {
			isa = XCConfigurationList;
			buildConfigurations = (
				C034704D28F6221A00656AA8 /* Debug */,
				C034704E28F6221A00656AA8 /* Release */,
			);
			defaultConfigurationIsVisible = 0;
			defaultConfigurationName = Release;
		};
		C034704F28F6221A00656AA8 /* Build configuration list for PBXNativeTarget "weatherkit-weather-app" */ = {
			isa = XCConfigurationList;
			buildConfigurations = (
				C034705028F6221A00656AA8 /* Debug */,
				C034705128F6221A00656AA8 /* Release */,
			);
			defaultConfigurationIsVisible = 0;
			defaultConfigurationName = Release;
		};
		C04E9E98293C28F600882FC6 /* Build configuration list for PBXNativeTarget "weatherkit-widgetExtension" */ = {
			isa = XCConfigurationList;
			buildConfigurations = (
				C04E9E99293C28F600882FC6 /* Debug */,
				C04E9E9A293C28F600882FC6 /* Release */,
			);
			defaultConfigurationIsVisible = 0;
			defaultConfigurationName = Release;
		};
		C0EDB9262A22BDD400C5C1BF /* Build configuration list for PBXNativeTarget "weatherkit-weather-apptests" */ = {
			isa = XCConfigurationList;
			buildConfigurations = (
				C0EDB9272A22BDD400C5C1BF /* Debug */,
				C0EDB9282A22BDD400C5C1BF /* Release */,
			);
			defaultConfigurationIsVisible = 0;
			defaultConfigurationName = Release;
		};
/* End XCConfigurationList section */
	};
	rootObject = C034703328F6221900656AA8 /* Project object */;
}
